// !$*UTF8*$!
{
	archiveVersion = 1;
	classes = {
	};
	objectVersion = 77;
	objects = {

/* Begin PBXContainerItemProxy section */
		9C4DE8F52F7DCAD100AC68B1 /* PBXContainerItemProxy */ = {
			isa = PBXContainerItemProxy;
			containerPortal = 9C4DE8DE2F7DCAD000AC68B1 /* Project object */;
			proxyType = 1;
			remoteGlobalIDString = 9C4DE8E52F7DCAD000AC68B1;
			remoteInfo = probeQ;
		};
		9C4DE8FF2F7DCAD100AC68B1 /* PBXContainerItemProxy */ = {
			isa = PBXContainerItemProxy;
			containerPortal = 9C4DE8DE2F7DCAD000AC68B1 /* Project object */;
			proxyType = 1;
			remoteGlobalIDString = 9C4DE8E52F7DCAD000AC68B1;
			remoteInfo = probeQ;
		};
/* End PBXContainerItemProxy section */

/* Begin PBXFileReference section */
		9C4DE8E62F7DCAD000AC68B1 /* probeQ.app */ = {isa = PBXFileReference; explicitFileType = wrapper.application; includeInIndex = 0; path = probeQ.app; sourceTree = BUILT_PRODUCTS_DIR; };
		9C4DE8F42F7DCAD100AC68B1 /* probeQTests.xctest */ = {isa = PBXFileReference; explicitFileType = wrapper.cfbundle; includeInIndex = 0; path = probeQTests.xctest; sourceTree = BUILT_PRODUCTS_DIR; };
		9C4DE8FE2F7DCAD100AC68B1 /* probeQUITests.xctest */ = {isa = PBXFileReference; explicitFileType = wrapper.cfbundle; includeInIndex = 0; path = probeQUITests.xctest; sourceTree = BUILT_PRODUCTS_DIR; };
/* End PBXFileReference section */

/* Begin PBXFileSystemSynchronizedRootGroup section */
		9C4DE8E82F7DCAD000AC68B1 /* probeQ */ = {
			isa = PBXFileSystemSynchronizedRootGroup;
			path = probeQ;
			sourceTree = "<group>";
		};
		9C4DE8F72F7DCAD100AC68B1 /* probeQTests */ = {
			isa = PBXFileSystemSynchronizedRootGroup;
			path = probeQTests;
			sourceTree = "<group>";
		};
		9C4DE9012F7DCAD100AC68B1 /* probeQUITests */ = {
			isa = PBXFileSystemSynchronizedRootGroup;
			path = probeQUITests;
			sourceTree = "<group>";
		};
/* End PBXFileSystemSynchronizedRootGroup section */

/* Begin PBXFrameworksBuildPhase section */
		9C4DE8E32F7DCAD000AC68B1 /* Frameworks */ = {
			isa = PBXFrameworksBuildPhase;
			buildActionMask = 2147483647;
			files = (
			);
			runOnlyForDeploymentPostprocessing = 0;
		};
		9C4DE8F12F7DCAD100AC68B1 /* Frameworks */ = {
			isa = PBXFrameworksBuildPhase;
			buildActionMask = 2147483647;
			files = (
			);
			runOnlyForDeploymentPostprocessing = 0;
		};
		9C4DE8FB2F7DCAD100AC68B1 /* Frameworks */ = {
			isa = PBXFrameworksBuildPhase;
			buildActionMask = 2147483647;
			files = (
			);
			runOnlyForDeploymentPostprocessing = 0;
		};
/* End PBXFrameworksBuildPhase section */

/* Begin PBXGroup section */
		9C4DE8DD2F7DCAD000AC68B1 = {
			isa = PBXGroup;
			children = (
				9C4DE8E82F7DCAD000AC68B1 /* probeQ */,
				9C4DE8F72F7DCAD100AC68B1 /* probeQTests */,
				9C4DE9012F7DCAD100AC68B1 /* probeQUITests */,
				9C4DE8E72F7DCAD000AC68B1 /* Products */,
			);
			sourceTree = "<group>";
		};
		9C4DE8E72F7DCAD000AC68B1 /* Products */ = {
			isa = PBXGroup;
			children = (
				9C4DE8E62F7DCAD000AC68B1 /* probeQ.app */,
				9C4DE8F42F7DCAD100AC68B1 /* probeQTests.xctest */,
				9C4DE8FE2F7DCAD100AC68B1 /* probeQUITests.xctest */,
			);
			name = Products;
			sourceTree = "<group>";
		};
/* End PBXGroup section */

/* Begin PBXNativeTarget section */
		9C4DE8E52F7DCAD000AC68B1 /* probeQ */ = {
			isa = PBXNativeTarget;
			buildConfigurationList = 9C4DE9082F7DCAD100AC68B1 /* Build configuration list for PBXNativeTarget "probeQ" */;
			buildPhases = (
				9C4DE8E22F7DCAD000AC68B1 /* Sources */,
				9C4DE8E32F7DCAD000AC68B1 /* Frameworks */,
				9C4DE8E42F7DCAD000AC68B1 /* Resources */,
			);
			buildRules = (
			);
			dependencies = (
			);
			fileSystemSynchronizedGroups = (
				9C4DE8E82F7DCAD000AC68B1 /* probeQ */,
			);
			name = probeQ;
			packageProductDependencies = (
			);
			productName = probeQ;
			productReference = 9C4DE8E62F7DCAD000AC68B1 /* probeQ.app */;
			productType = "com.apple.product-type.application";
		};
		9C4DE8F32F7DCAD100AC68B1 /* probeQTests */ = {
			isa = PBXNativeTarget;
			buildConfigurationList = 9C4DE90B2F7DCAD100AC68B1 /* Build configuration list for PBXNativeTarget "probeQTests" */;
			buildPhases = (
				9C4DE8F02F7DCAD100AC68B1 /* Sources */,
				9C4DE8F12F7DCAD100AC68B1 /* Frameworks */,
				9C4DE8F22F7DCAD100AC68B1 /* Resources */,
			);
			buildRules = (
			);
			dependencies = (
				9C4DE8F62F7DCAD100AC68B1 /* PBXTargetDependency */,
			);
			fileSystemSynchronizedGroups = (
				9C4DE8F72F7DCAD100AC68B1 /* probeQTests */,
			);
			name = probeQTests;
			packageProductDependencies = (
			);
			productName = probeQTests;
			productReference = 9C4DE8F42F7DCAD100AC68B1 /* probeQTests.xctest */;
			productType = "com.apple.product-type.bundle.unit-test";
		};
		9C4DE8FD2F7DCAD100AC68B1 /* probeQUITests */ = {
			isa = PBXNativeTarget;
			buildConfigurationList = 9C4DE90E2F7DCAD100AC68B1 /* Build configuration list for PBXNativeTarget "probeQUITests" */;
			buildPhases = (
				9C4DE8FA2F7DCAD100AC68B1 /* Sources */,
				9C4DE8FB2F7DCAD100AC68B1 /* Frameworks */,
				9C4DE8FC2F7DCAD100AC68B1 /* Resources */,
			);
			buildRules = (
			);
			dependencies = (
				9C4DE9002F7DCAD100AC68B1 /* PBXTargetDependency */,
			);
			fileSystemSynchronizedGroups = (
				9C4DE9012F7DCAD100AC68B1 /* probeQUITests */,
			);
			name = probeQUITests;
			packageProductDependencies = (
			);
			productName = probeQUITests;
			productReference = 9C4DE8FE2F7DCAD100AC68B1 /* probeQUITests.xctest */;
			productType = "com.apple.product-type.bundle.ui-testing";
		};
/* End PBXNativeTarget section */

/* Begin PBXProject section */
		9C4DE8DE2F7DCAD000AC68B1 /* Project object */ = {
			isa = PBXProject;
			attributes = {
				BuildIndependentTargetsInParallel = 1;
				LastSwiftUpdateCheck = 1640;
				LastUpgradeCheck = 1640;
				TargetAttributes = {
					9C4DE8E52F7DCAD000AC68B1 = {
						CreatedOnToolsVersion = 16.4;
					};
					9C4DE8F32F7DCAD100AC68B1 = {
						CreatedOnToolsVersion = 16.4;
						TestTargetID = 9C4DE8E52F7DCAD000AC68B1;
					};
					9C4DE8FD2F7DCAD100AC68B1 = {
						CreatedOnToolsVersion = 16.4;
						TestTargetID = 9C4DE8E52F7DCAD000AC68B1;
					};
				};
			};
			buildConfigurationList = 9C4DE8E12F7DCAD000AC68B1 /* Build configuration list for PBXProject "probeQ" */;
			developmentRegion = en;
			hasScannedForEncodings = 0;
			knownRegions = (
				en,
				Base,
			);
			mainGroup = 9C4DE8DD2F7DCAD000AC68B1;
			minimizedProjectReferenceProxies = 1;
			preferredProjectObjectVersion = 77;
			productRefGroup = 9C4DE8E72F7DCAD000AC68B1 /* Products */;
			projectDirPath = "";
			projectRoot = "";
			targets = (
				9C4DE8E52F7DCAD000AC68B1 /* probeQ */,
				9C4DE8F32F7DCAD100AC68B1 /* probeQTests */,
				9C4DE8FD2F7DCAD100AC68B1 /* probeQUITests */,
			);
		};
/* End PBXProject section */

/* Begin PBXResourcesBuildPhase section */
		9C4DE8E42F7DCAD000AC68B1 /* Resources */ = {
			isa = PBXResourcesBuildPhase;
			buildActionMask = 2147483647;
			files = (
			);
			runOnlyForDeploymentPostprocessing = 0;
		};
		9C4DE8F22F7DCAD100AC68B1 /* Resources */ = {
			isa = PBXResourcesBuildPhase;
			buildActionMask = 2147483647;
			files = (
			);
			runOnlyForDeploymentPostprocessing = 0;
		};
		9C4DE8FC2F7DCAD100AC68B1 /* Resources */ = {
			isa = PBXResourcesBuildPhase;
			buildActionMask = 2147483647;
			files = (
			);
			runOnlyForDeploymentPostprocessing = 0;
		};
/* End PBXResourcesBuildPhase section */

/* Begin PBXSourcesBuildPhase section */
		9C4DE8E22F7DCAD000AC68B1 /* Sources */ = {
			isa = PBXSourcesBuildPhase;
			buildActionMask = 2147483647;
			files = (
			);
			runOnlyForDeploymentPostprocessing = 0;
		};
		9C4DE8F02F7DCAD100AC68B1 /* Sources */ = {
			isa = PBXSourcesBuildPhase;
			buildActionMask = 2147483647;
			files = (
			);
			runOnlyForDeploymentPostprocessing = 0;
		};
		9C4DE8FA2F7DCAD100AC68B1 /* Sources */ = {
			isa = PBXSourcesBuildPhase;
			buildActionMask = 2147483647;
			files = (
			);
			runOnlyForDeploymentPostprocessing = 0;
		};
/* End PBXSourcesBuildPhase section */

/* Begin PBXTargetDependency section */
		9C4DE8F62F7DCAD100AC68B1 /* PBXTargetDependency */ = {
			isa = PBXTargetDependency;
			target = 9C4DE8E52F7DCAD000AC68B1 /* probeQ */;
			targetProxy = 9C4DE8F52F7DCAD100AC68B1 /* PBXContainerItemProxy */;
		};
		9C4DE9002F7DCAD100AC68B1 /* PBXTargetDependency */ = {
			isa = PBXTargetDependency;
			target = 9C4DE8E52F7DCAD000AC68B1 /* probeQ */;
			targetProxy = 9C4DE8FF2F7DCAD100AC68B1 /* PBXContainerItemProxy */;
		};
/* End PBXTargetDependency section */

/* Begin XCBuildConfiguration section */
		9C4DE9062F7DCAD100AC68B1 /* Debug */ = {
			isa = XCBuildConfiguration;
			buildSettings = {
				ALWAYS_SEARCH_USER_PATHS = NO;
				ASSETCATALOG_COMPILER_GENERATE_SWIFT_ASSET_SYMBOL_EXTENSIONS = YES;
				CLANG_ANALYZER_NONNULL = YES;
				CLANG_ANALYZER_NUMBER_OBJECT_CONVERSION = YES_AGGRESSIVE;
				CLANG_CXX_LANGUAGE_STANDARD = "gnu++20";
				CLANG_ENABLE_MODULES = YES;
				CLANG_ENABLE_OBJC_ARC = YES;
				CLANG_ENABLE_OBJC_WEAK = YES;
				CLANG_WARN_BLOCK_CAPTURE_AUTORELEASING = YES;
				CLANG_WARN_BOOL_CONVERSION = YES;
				CLANG_WARN_COMMA = YES;
				CLANG_WARN_CONSTANT_CONVERSION = YES;
				CLANG_WARN_DEPRECATED_OBJC_IMPLEMENTATIONS = YES;
				CLANG_WARN_DIRECT_OBJC_ISA_USAGE = YES_ERROR;
				CLANG_WARN_DOCUMENTATION_COMMENTS = YES;
				CLANG_WARN_EMPTY_BODY = YES;
				CLANG_WARN_ENUM_CONVERSION = YES;
				CLANG_WARN_INFINITE_RECURSION = YES;
				CLANG_WARN_INT_CONVERSION = YES;
				CLANG_WARN_NON_LITERAL_NULL_CONVERSION = YES;
				CLANG_WARN_OBJC_IMPLICIT_RETAIN_SELF = YES;
				CLANG_WARN_OBJC_LITERAL_CONVERSION = YES;
				CLANG_WARN_OBJC_ROOT_CLASS = YES_ERROR;
				CLANG_WARN_QUOTED_INCLUDE_IN_FRAMEWORK_HEADER = YES;
				CLANG_WARN_RANGE_LOOP_ANALYSIS = YES;
				CLANG_WARN_STRICT_PROTOTYPES = YES;
				CLANG_WARN_SUSPICIOUS_MOVE = YES;
				CLANG_WARN_UNGUARDED_AVAILABILITY = YES_AGGRESSIVE;
				CLANG_WARN_UNREACHABLE_CODE = YES;
				CLANG_WARN__DUPLICATE_METHOD_MATCH = YES;
				COPY_PHASE_STRIP = NO;
				DEBUG_INFORMATION_FORMAT = dwarf;
				ENABLE_STRICT_OBJC_MSGSEND = YES;
				ENABLE_TESTABILITY = YES;
				ENABLE_USER_SCRIPT_SANDBOXING = YES;
				GCC_C_LANGUAGE_STANDARD = gnu17;
				GCC_DYNAMIC_NO_PIC = NO;
				GCC_NO_COMMON_BLOCKS = YES;
				GCC_OPTIMIZATION_LEVEL = 0;
				GCC_PREPROCESSOR_DEFINITIONS = (
					"DEBUG=1",
					"$(inherited)",
				);
				GCC_WARN_64_TO_32_BIT_CONVERSION = YES;
				GCC_WARN_ABOUT_RETURN_TYPE = YES_ERROR;
				GCC_WARN_UNDECLARED_SELECTOR = YES;
				GCC_WARN_UNINITIALIZED_AUTOS = YES_AGGRESSIVE;
				GCC_WARN_UNUSED_FUNCTION = YES;
				GCC_WARN_UNUSED_VARIABLE = YES;
				LOCALIZATION_PREFERS_STRING_CATALOGS = YES;
				MACOSX_DEPLOYMENT_TARGET = 15.5;
				MTL_ENABLE_DEBUG_INFO = INCLUDE_SOURCE;
				MTL_FAST_MATH = YES;
				ONLY_ACTIVE_ARCH = YES;
				SDKROOT = macosx;
				SWIFT_ACTIVE_COMPILATION_CONDITIONS = "DEBUG $(inherited)";
				SWIFT_OPTIMIZATION_LEVEL = "-Onone";
			};
			name = Debug;
		};
		9C4DE9072F7DCAD100AC68B1 /* Release */ = {
			isa = XCBuildConfiguration;
			buildSettings = {
				ALWAYS_SEARCH_USER_PATHS = NO;
				ASSETCATALOG_COMPILER_GENERATE_SWIFT_ASSET_SYMBOL_EXTENSIONS = YES;
				CLANG_ANALYZER_NONNULL = YES;
				CLANG_ANALYZER_NUMBER_OBJECT_CONVERSION = YES_AGGRESSIVE;
				CLANG_CXX_LANGUAGE_STANDARD = "gnu++20";
				CLANG_ENABLE_MODULES = YES;
				CLANG_ENABLE_OBJC_ARC = YES;
				CLANG_ENABLE_OBJC_WEAK = YES;
				CLANG_WARN_BLOCK_CAPTURE_AUTORELEASING = YES;
				CLANG_WARN_BOOL_CONVERSION = YES;
				CLANG_WARN_COMMA = YES;
				CLANG_WARN_CONSTANT_CONVERSION = YES;
				CLANG_WARN_DEPRECATED_OBJC_IMPLEMENTATIONS = YES;
				CLANG_WARN_DIRECT_OBJC_ISA_USAGE = YES_ERROR;
				CLANG_WARN_DOCUMENTATION_COMMENTS = YES;
				CLANG_WARN_EMPTY_BODY = YES;
				CLANG_WARN_ENUM_CONVERSION = YES;
				CLANG_WARN_INFINITE_RECURSION = YES;
				CLANG_WARN_INT_CONVERSION = YES;
				CLANG_WARN_NON_LITERAL_NULL_CONVERSION = YES;
				CLANG_WARN_OBJC_IMPLICIT_RETAIN_SELF = YES;
				CLANG_WARN_OBJC_LITERAL_CONVERSION = YES;
				CLANG_WARN_OBJC_ROOT_CLASS = YES_ERROR;
				CLANG_WARN_QUOTED_INCLUDE_IN_FRAMEWORK_HEADER = YES;
				CLANG_WARN_RANGE_LOOP_ANALYSIS = YES;
				CLANG_WARN_STRICT_PROTOTYPES = YES;
				CLANG_WARN_SUSPICIOUS_MOVE = YES;
				CLANG_WARN_UNGUARDED_AVAILABILITY = YES_AGGRESSIVE;
				CLANG_WARN_UNREACHABLE_CODE = YES;
				CLANG_WARN__DUPLICATE_METHOD_MATCH = YES;
				COPY_PHASE_STRIP = NO;
				DEBUG_INFORMATION_FORMAT = "dwarf-with-dsym";
				ENABLE_NS_ASSERTIONS = NO;
				ENABLE_STRICT_OBJC_MSGSEND = YES;
				ENABLE_USER_SCRIPT_SANDBOXING = YES;
				GCC_C_LANGUAGE_STANDARD = gnu17;
				GCC_NO_COMMON_BLOCKS = YES;
				GCC_WARN_64_TO_32_BIT_CONVERSION = YES;
				GCC_WARN_ABOUT_RETURN_TYPE = YES_ERROR;
				GCC_WARN_UNDECLARED_SELECTOR = YES;
				GCC_WARN_UNINITIALIZED_AUTOS = YES_AGGRESSIVE;
				GCC_WARN_UNUSED_FUNCTION = YES;
				GCC_WARN_UNUSED_VARIABLE = YES;
				LOCALIZATION_PREFERS_STRING_CATALOGS = YES;
				MACOSX_DEPLOYMENT_TARGET = 15.5;
				MTL_ENABLE_DEBUG_INFO = NO;
				MTL_FAST_MATH = YES;
				SDKROOT = macosx;
				SWIFT_COMPILATION_MODE = wholemodule;
			};
			name = Release;
		};
		9C4DE9092F7DCAD100AC68B1 /* Debug */ = {
			isa = XCBuildConfiguration;
			buildSettings = {
				ASSETCATALOG_COMPILER_APPICON_NAME = AppIcon;
				ASSETCATALOG_COMPILER_GLOBAL_ACCENT_COLOR_NAME = AccentColor;
				CODE_SIGN_ENTITLEMENTS = probeQ/probeQ.entitlements;
				CODE_SIGN_STYLE = Automatic;
				COMBINE_HIDPI_IMAGES = YES;
				CURRENT_PROJECT_VERSION = 1;
				ENABLE_PREVIEWS = YES;
				GENERATE_INFOPLIST_FILE = YES;
				INFOPLIST_KEY_NSHumanReadableCopyright = "";
				LD_RUNPATH_SEARCH_PATHS = (
					"$(inherited)",
					"@executable_path/../Frameworks",
				);
				MARKETING_VERSION = 1.0;
				PRODUCT_BUNDLE_IDENTIFIER = com.probeq.probeQ;
				PRODUCT_NAME = "$(TARGET_NAME)";
				REGISTER_APP_GROUPS = YES;
				SWIFT_EMIT_LOC_STRINGS = YES;
				SWIFT_VERSION = 5.0;
			};
			name = Debug;
		};
		9C4DE90A2F7DCAD100AC68B1 /* Release */ = {
			isa = XCBuildConfiguration;
			buildSettings = {
				ASSETCATALOG_COMPILER_APPICON_NAME = AppIcon;
				ASSETCATALOG_COMPILER_GLOBAL_ACCENT_COLOR_NAME = AccentColor;
				CODE_SIGN_ENTITLEMENTS = probeQ/probeQ.entitlements;
				CODE_SIGN_STYLE = Automatic;
				COMBINE_HIDPI_IMAGES = YES;
				CURRENT_PROJECT_VERSION = 1;
				ENABLE_PREVIEWS = YES;
				GENERATE_INFOPLIST_FILE = YES;
				INFOPLIST_KEY_NSHumanReadableCopyright = "";
				LD_RUNPATH_SEARCH_PATHS = (
					"$(inherited)",
					"@executable_path/../Frameworks",
				);
				MARKETING_VERSION = 1.0;
				PRODUCT_BUNDLE_IDENTIFIER = com.probeq.probeQ;
				PRODUCT_NAME = "$(TARGET_NAME)";
				REGISTER_APP_GROUPS = YES;
				SWIFT_EMIT_LOC_STRINGS = YES;
				SWIFT_VERSION = 5.0;
			};
			name = Release;
		};
		9C4DE90C2F7DCAD100AC68B1 /* Debug */ = {
			isa = XCBuildConfiguration;
			buildSettings = {
				BUNDLE_LOADER = "$(TEST_HOST)";
				CODE_SIGN_STYLE = Automatic;
				CURRENT_PROJECT_VERSION = 1;
				GENERATE_INFOPLIST_FILE = YES;
				MACOSX_DEPLOYMENT_TARGET = 15.5;
				MARKETING_VERSION = 1.0;
				PRODUCT_BUNDLE_IDENTIFIER = com.probeq.probeQTests;
				PRODUCT_NAME = "$(TARGET_NAME)";
				SWIFT_EMIT_LOC_STRINGS = NO;
				SWIFT_VERSION = 5.0;
				TEST_HOST = "$(BUILT_PRODUCTS_DIR)/probeQ.app/$(BUNDLE_EXECUTABLE_FOLDER_PATH)/probeQ";
			};
			name = Debug;
		};
		9C4DE90D2F7DCAD100AC68B1 /* Release */ = {
			isa = XCBuildConfiguration;
			buildSettings = {
				BUNDLE_LOADER = "$(TEST_HOST)";
				CODE_SIGN_STYLE = Automatic;
				CURRENT_PROJECT_VERSION = 1;
				GENERATE_INFOPLIST_FILE = YES;
				MACOSX_DEPLOYMENT_TARGET = 15.5;
				MARKETING_VERSION = 1.0;
				PRODUCT_BUNDLE_IDENTIFIER = com.probeq.probeQTests;
				PRODUCT_NAME = "$(TARGET_NAME)";
				SWIFT_EMIT_LOC_STRINGS = NO;
				SWIFT_VERSION = 5.0;
				TEST_HOST = "$(BUILT_PRODUCTS_DIR)/probeQ.app/$(BUNDLE_EXECUTABLE_FOLDER_PATH)/probeQ";
			};
			name = Release;
		};
		9C4DE90F2F7DCAD100AC68B1 /* Debug */ = {
			isa = XCBuildConfiguration;
			buildSettings = {
				CODE_SIGN_STYLE = Automatic;
				CURRENT_PROJECT_VERSION = 1;
				GENERATE_INFOPLIST_FILE = YES;
				MARKETING_VERSION = 1.0;
				PRODUCT_BUNDLE_IDENTIFIER = com.probeq.probeQUITests;
				PRODUCT_NAME = "$(TARGET_NAME)";
				SWIFT_EMIT_LOC_STRINGS = NO;
				SWIFT_VERSION = 5.0;
				TEST_TARGET_NAME = probeQ;
			};
			name = Debug;
		};
		9C4DE9102F7DCAD100AC68B1 /* Release */ = {
			isa = XCBuildConfiguration;
			buildSettings = {
				CODE_SIGN_STYLE = Automatic;
				CURRENT_PROJECT_VERSION = 1;
				GENERATE_INFOPLIST_FILE = YES;
				MARKETING_VERSION = 1.0;
				PRODUCT_BUNDLE_IDENTIFIER = com.probeq.probeQUITests;
				PRODUCT_NAME = "$(TARGET_NAME)";
				SWIFT_EMIT_LOC_STRINGS = NO;
				SWIFT_VERSION = 5.0;
				TEST_TARGET_NAME = probeQ;
			};
			name = Release;
		};
/* End XCBuildConfiguration section */

/* Begin XCConfigurationList section */
		9C4DE8E12F7DCAD000AC68B1 /* Build configuration list for PBXProject "probeQ" */ = {
			isa = XCConfigurationList;
			buildConfigurations = (
				9C4DE9062F7DCAD100AC68B1 /* Debug */,
				9C4DE9072F7DCAD100AC68B1 /* Release */,
			);
			defaultConfigurationIsVisible = 0;
			defaultConfigurationName = Release;
		};
		9C4DE9082F7DCAD100AC68B1 /* Build configuration list for PBXNativeTarget "probeQ" */ = {
			isa = XCConfigurationList;
			buildConfigurations = (
				9C4DE9092F7DCAD100AC68B1 /* Debug */,
				9C4DE90A2F7DCAD100AC68B1 /* Release */,
			);
			defaultConfigurationIsVisible = 0;
			defaultConfigurationName = Release;
		};
		9C4DE90B2F7DCAD100AC68B1 /* Build configuration list for PBXNativeTarget "probeQTests" */ = {
			isa = XCConfigurationList;
			buildConfigurations = (
				9C4DE90C2F7DCAD100AC68B1 /* Debug */,
				9C4DE90D2F7DCAD100AC68B1 /* Release */,
			);
			defaultConfigurationIsVisible = 0;
			defaultConfigurationName = Release;
		};
		9C4DE90E2F7DCAD100AC68B1 /* Build configuration list for PBXNativeTarget "probeQUITests" */ = {
			isa = XCConfigurationList;
			buildConfigurations = (
				9C4DE90F2F7DCAD100AC68B1 /* Debug */,
				9C4DE9102F7DCAD100AC68B1 /* Release */,
			);
			defaultConfigurationIsVisible = 0;
			defaultConfigurationName = Release;
		};
/* End XCConfigurationList section */
	};
	rootObject = 9C4DE8DE2F7DCAD000AC68B1 /* Project object */;
}
